{
  "name": "HLL-Backend",
  "lockfileVersion": 3,
  "requires": true,
  "packages": {
    "": {
      "dependencies": {
        "summernote": "^0.8.20"
      }
    },
    "node_modules/summernote": {
      "version": "0.8.20",
      "resolved": "https://registry.npmjs.org/summernote/-/summernote-0.8.20.tgz",
      "integrity": "sha512-W9RhjQjsn+b1s9xiJQgJbCiYGJaDAc9CdEqXo+D13WuStG8lCdtKaO5AiNiSSMJsQJN2EfGSwbBQt+SFE2B8Kw==",
      "hasInstallScript": true
    }
  }
}
